
Microsoft Visual Studio Solution File, Format Version 12.00
# Visual Studio 2017
Project("{FAE04EC0-301F-11D3-BF4B-00C04F79EFBC}") = "meogTPS.Plugins", "meogTPS.Plugins.csproj", "{D8774E73-935B-5263-4AE1-A81B5D336A88}"
EndProject
Project("{FAE04EC0-301F-11D3-BF4B-00C04F79EFBC}") = "meogTPS", "meogTPS.csproj", "{46B8CF1C-1714-4BF8-070B-C2E60021188F}"
EndProject
Project("{FAE04EC0-301F-11D3-BF4B-00C04F79EFBC}") = "meogTPS.Editor.Plugins", "meogTPS.Editor.Plugins.csproj", "{D54149F6-B69F-42D4-EE44-8B31FFE74719}"
EndProject
Project("{FAE04EC0-301F-11D3-BF4B-00C04F79EFBC}") = "meogTPS.Editor", "meogTPS.Editor.csproj", "{E8AD233A-D0B6-759E-72BB-78C4F3CD8913}"
EndProject
Global
	GlobalSection(SolutionConfigurationPlatforms) = preSolution
		Debug|Any CPU = Debug|Any CPU
		Release|Any CPU = Release|Any CPU
	EndGlobalSection
	GlobalSection(ProjectConfigurationPlatforms) = postSolution
		{D8774E73-935B-5263-4AE1-A81B5D336A88}.Debug|Any CPU.ActiveCfg = Debug|Any CPU
		{D8774E73-935B-5263-4AE1-A81B5D336A88}.Debug|Any CPU.Build.0 = Debug|Any CPU
		{D8774E73-935B-5263-4AE1-A81B5D336A88}.Release|Any CPU.ActiveCfg = Release|Any CPU
		{D8774E73-935B-5263-4AE1-A81B5D336A88}.Release|Any CPU.Build.0 = Release|Any CPU
		{46B8CF1C-1714-4BF8-070B-C2E60021188F}.Debug|Any CPU.ActiveCfg = Debug|Any CPU
		{46B8CF1C-1714-4BF8-070B-C2E60021188F}.Debug|Any CPU.Build.0 = Debug|Any CPU
		{46B8CF1C-1714-4BF8-070B-C2E60021188F}.Release|Any CPU.ActiveCfg = Release|Any CPU
		{46B8CF1C-1714-4BF8-070B-C2E60021188F}.Release|Any CPU.Build.0 = Release|Any CPU
		{D54149F6-B69F-42D4-EE44-8B31FFE74719}.Debug|Any CPU.ActiveCfg = Debug|Any CPU
		{D54149F6-B69F-42D4-EE44-8B31FFE74719}.Debug|Any CPU.Build.0 = Debug|Any CPU
		{D54149F6-B69F-42D4-EE44-8B31FFE74719}.Release|Any CPU.ActiveCfg = Release|Any CPU
		{D54149F6-B69F-42D4-EE44-8B31FFE74719}.Release|Any CPU.Build.0 = Release|Any CPU
		{E8AD233A-D0B6-759E-72BB-78C4F3CD8913}.Debug|Any CPU.ActiveCfg = Debug|Any CPU
		{E8AD233A-D0B6-759E-72BB-78C4F3CD8913}.Debug|Any CPU.Build.0 = Debug|Any CPU
		{E8AD233A-D0B6-759E-72BB-78C4F3CD8913}.Release|Any CPU.ActiveCfg = Release|Any CPU
		{E8AD233A-D0B6-759E-72BB-78C4F3CD8913}.Release|Any CPU.Build.0 = Release|Any CPU
	EndGlobalSection
	GlobalSection(SolutionProperties) = preSolution
		HideSolutionNode = FALSE
	EndGlobalSection
EndGlobal
