
<<<<<<< HEAD
Microsoft Visual Studio Solution File, Format Version 12.00
# Visual Studio 2017
Project("{FAE04EC0-301F-11D3-BF4B-00C04F79EFBC}") = "meogTPS", "meogTPS.csproj", "{46B8CF1C-1714-4BF8-070B-C2E60021188F}"
=======
Microsoft Visual Studio Solution File, Format Version 11.00
# Visual Studio 2010
Project("{FAE04EC0-301F-11D3-BF4B-00C04F79EFBC}") = "meogTPS", "Assembly-CSharp.csproj", "{C090928D-44FE-0559-C043-2CCB40627CD6}"
>>>>>>> e23b915ccbb497027e593622d47c3e9445176c81
EndProject
Project("{FAE04EC0-301F-11D3-BF4B-00C04F79EFBC}") = "meogTPS", "Assembly-CSharp-Editor.csproj", "{AE18539E-2B98-46E2-DA6D-D723D7EC7E94}"
EndProject
Global
	GlobalSection(SolutionConfigurationPlatforms) = preSolution
		Debug|Any CPU = Debug|Any CPU
		Release|Any CPU = Release|Any CPU
	EndGlobalSection
	GlobalSection(ProjectConfigurationPlatforms) = postSolution
		{C090928D-44FE-0559-C043-2CCB40627CD6}.Debug|Any CPU.ActiveCfg = Debug|Any CPU
		{C090928D-44FE-0559-C043-2CCB40627CD6}.Debug|Any CPU.Build.0 = Debug|Any CPU
		{C090928D-44FE-0559-C043-2CCB40627CD6}.Release|Any CPU.ActiveCfg = Release|Any CPU
		{C090928D-44FE-0559-C043-2CCB40627CD6}.Release|Any CPU.Build.0 = Release|Any CPU
		{AE18539E-2B98-46E2-DA6D-D723D7EC7E94}.Debug|Any CPU.ActiveCfg = Debug|Any CPU
		{AE18539E-2B98-46E2-DA6D-D723D7EC7E94}.Debug|Any CPU.Build.0 = Debug|Any CPU
		{AE18539E-2B98-46E2-DA6D-D723D7EC7E94}.Release|Any CPU.ActiveCfg = Release|Any CPU
		{AE18539E-2B98-46E2-DA6D-D723D7EC7E94}.Release|Any CPU.Build.0 = Release|Any CPU
	EndGlobalSection
	GlobalSection(SolutionProperties) = preSolution
		HideSolutionNode = FALSE
	EndGlobalSection
	GlobalSection(MonoDevelopProperties) = preSolution
		StartupItem = Assembly-CSharp.csproj
	EndGlobalSection
EndGlobal
