
Microsoft Visual Studio Solution File, Format Version 12.00
# Visual Studio 2015
Project("{FAE04EC0-301F-11D3-BF4B-00C04F79EFBC}") = "meogTPS-master.Plugins", "meogTPS-master.Plugins.csproj", "{886ED62E-8399-FAB1-164F-A1CA2C3E4C4A}"
EndProject
Project("{FAE04EC0-301F-11D3-BF4B-00C04F79EFBC}") = "meogTPS-master", "meogTPS-master.csproj", "{F9536C26-6250-D4C6-0B82-38142EAF5FF6}"
EndProject
Project("{FAE04EC0-301F-11D3-BF4B-00C04F79EFBC}") = "meogTPS-master.Editor.Plugins", "meogTPS-master.Editor.Plugins.csproj", "{EFF05153-F6C8-D722-D300-09FEAA837CE3}"
EndProject
Project("{FAE04EC0-301F-11D3-BF4B-00C04F79EFBC}") = "meogTPS-master.Editor", "meogTPS-master.Editor.csproj", "{3F649E18-A343-ABB4-F518-3000894FB43A}"
EndProject
Global
	GlobalSection(SolutionConfigurationPlatforms) = preSolution
		Debug|Any CPU = Debug|Any CPU
		Release|Any CPU = Release|Any CPU
	EndGlobalSection
	GlobalSection(ProjectConfigurationPlatforms) = postSolution
		{886ED62E-8399-FAB1-164F-A1CA2C3E4C4A}.Debug|Any CPU.ActiveCfg = Debug|Any CPU
		{886ED62E-8399-FAB1-164F-A1CA2C3E4C4A}.Debug|Any CPU.Build.0 = Debug|Any CPU
		{886ED62E-8399-FAB1-164F-A1CA2C3E4C4A}.Release|Any CPU.ActiveCfg = Release|Any CPU
		{886ED62E-8399-FAB1-164F-A1CA2C3E4C4A}.Release|Any CPU.Build.0 = Release|Any CPU
		{F9536C26-6250-D4C6-0B82-38142EAF5FF6}.Debug|Any CPU.ActiveCfg = Debug|Any CPU
		{F9536C26-6250-D4C6-0B82-38142EAF5FF6}.Debug|Any CPU.Build.0 = Debug|Any CPU
		{F9536C26-6250-D4C6-0B82-38142EAF5FF6}.Release|Any CPU.ActiveCfg = Release|Any CPU
		{F9536C26-6250-D4C6-0B82-38142EAF5FF6}.Release|Any CPU.Build.0 = Release|Any CPU
		{EFF05153-F6C8-D722-D300-09FEAA837CE3}.Debug|Any CPU.ActiveCfg = Debug|Any CPU
		{EFF05153-F6C8-D722-D300-09FEAA837CE3}.Debug|Any CPU.Build.0 = Debug|Any CPU
		{EFF05153-F6C8-D722-D300-09FEAA837CE3}.Release|Any CPU.ActiveCfg = Release|Any CPU
		{EFF05153-F6C8-D722-D300-09FEAA837CE3}.Release|Any CPU.Build.0 = Release|Any CPU
		{3F649E18-A343-ABB4-F518-3000894FB43A}.Debug|Any CPU.ActiveCfg = Debug|Any CPU
		{3F649E18-A343-ABB4-F518-3000894FB43A}.Debug|Any CPU.Build.0 = Debug|Any CPU
		{3F649E18-A343-ABB4-F518-3000894FB43A}.Release|Any CPU.ActiveCfg = Release|Any CPU
		{3F649E18-A343-ABB4-F518-3000894FB43A}.Release|Any CPU.Build.0 = Release|Any CPU
	EndGlobalSection
	GlobalSection(SolutionProperties) = preSolution
		HideSolutionNode = FALSE
	EndGlobalSection
EndGlobal
